// !$*UTF8*$!
{
	archiveVersion = 1;
	classes = {
	};
	objectVersion = 55;
	objects = {

/* Begin PBXBuildFile section */
		434A002D19B4F6A5A1B77B61 /* Pods_KittyBreedsTests.framework in Frameworks */ = {isa = PBXBuildFile; fileRef = 6CF8B4A646EF4E544B5818AA /* Pods_KittyBreedsTests.framework */; };
		6A7438E67107B30AE4E70EBF /* Pods_KittyBreeds_KittyBreedsUITests.framework in Frameworks */ = {isa = PBXBuildFile; fileRef = D9F14011558DDA576F3670AA /* Pods_KittyBreeds_KittyBreedsUITests.framework */; };
		9D68BC28089A4A8D4257B38F /* Pods_KittyBreeds.framework in Frameworks */ = {isa = PBXBuildFile; fileRef = 52686A9CEA825B34E7889D6D /* Pods_KittyBreeds.framework */; };
		E58CA8CD28B52EEE00F69A5D /* AppDelegate.swift in Sources */ = {isa = PBXBuildFile; fileRef = E58CA8CC28B52EEE00F69A5D /* AppDelegate.swift */; };
		E58CA8D628B52EF000F69A5D /* Assets.xcassets in Resources */ = {isa = PBXBuildFile; fileRef = E58CA8D528B52EF000F69A5D /* Assets.xcassets */; };
		E58CA8E428B52EF000F69A5D /* KittyBreedsTests.swift in Sources */ = {isa = PBXBuildFile; fileRef = E58CA8E328B52EF000F69A5D /* KittyBreedsTests.swift */; };
		E58CA8EE28B52EF000F69A5D /* KittyBreedsUITests.swift in Sources */ = {isa = PBXBuildFile; fileRef = E58CA8ED28B52EF000F69A5D /* KittyBreedsUITests.swift */; };
		E58CA8F028B52EF000F69A5D /* KittyBreedsUITestsLaunchTests.swift in Sources */ = {isa = PBXBuildFile; fileRef = E58CA8EF28B52EF000F69A5D /* KittyBreedsUITestsLaunchTests.swift */; };
		E58CA90228B5337400F69A5D /* KittyBreedModel.swift in Sources */ = {isa = PBXBuildFile; fileRef = E58CA90128B5337400F69A5D /* KittyBreedModel.swift */; };
		E58CA90428B5340500F69A5D /* KittyBreedImageModel.swift in Sources */ = {isa = PBXBuildFile; fileRef = E58CA90328B5340500F69A5D /* KittyBreedImageModel.swift */; };
		E58CA90628B534A600F69A5D /* KittyBreedListController.swift in Sources */ = {isa = PBXBuildFile; fileRef = E58CA90528B534A600F69A5D /* KittyBreedListController.swift */; };
		E58CA90928B534FD00F69A5D /* NetworkManager.swift in Sources */ = {isa = PBXBuildFile; fileRef = E58CA90828B534FD00F69A5D /* NetworkManager.swift */; };
		E58CA90B28B5352000F69A5D /* KittyBreedListViewModel.swift in Sources */ = {isa = PBXBuildFile; fileRef = E58CA90A28B5352000F69A5D /* KittyBreedListViewModel.swift */; };
		E58CA90D28B5359800F69A5D /* AppCoordinator.swift in Sources */ = {isa = PBXBuildFile; fileRef = E58CA90C28B5359800F69A5D /* AppCoordinator.swift */; };
		E58CA90F28B53BA800F69A5D /* KittyBreedListView.swift in Sources */ = {isa = PBXBuildFile; fileRef = E58CA90E28B53BA800F69A5D /* KittyBreedListView.swift */; };
		E58CA91428B5557200F69A5D /* KittyBreedListCell.swift in Sources */ = {isa = PBXBuildFile; fileRef = E58CA91328B5557200F69A5D /* KittyBreedListCell.swift */; };
		E58CA91828B63BF700F69A5D /* Constants.swift in Sources */ = {isa = PBXBuildFile; fileRef = E58CA91728B63BF700F69A5D /* Constants.swift */; };
		E58CA91A28B6778500F69A5D /* KittyBreedInfoController.swift in Sources */ = {isa = PBXBuildFile; fileRef = E58CA91928B6778500F69A5D /* KittyBreedInfoController.swift */; };
		E58CA91E28B769B100F69A5D /* KittyBreedInfoView.swift in Sources */ = {isa = PBXBuildFile; fileRef = E58CA91D28B769B100F69A5D /* KittyBreedInfoView.swift */; };
		E58CA92028B76C4800F69A5D /* KittyBreedInfoViewModel.swift in Sources */ = {isa = PBXBuildFile; fileRef = E58CA91F28B76C4800F69A5D /* KittyBreedInfoViewModel.swift */; };
		E58CA92228B76F1800F69A5D /* KittyBreedInfoModel.swift in Sources */ = {isa = PBXBuildFile; fileRef = E58CA92128B76F1800F69A5D /* KittyBreedInfoModel.swift */; };
/* End PBXBuildFile section */

/* Begin PBXContainerItemProxy section */
		E58CA8E028B52EF000F69A5D /* PBXContainerItemProxy */ = {
			isa = PBXContainerItemProxy;
			containerPortal = E58CA8C128B52EEE00F69A5D /* Project object */;
			proxyType = 1;
			remoteGlobalIDString = E58CA8C828B52EEE00F69A5D;
			remoteInfo = KittyBreeds;
		};
		E58CA8EA28B52EF000F69A5D /* PBXContainerItemProxy */ = {
			isa = PBXContainerItemProxy;
			containerPortal = E58CA8C128B52EEE00F69A5D /* Project object */;
			proxyType = 1;
			remoteGlobalIDString = E58CA8C828B52EEE00F69A5D;
			remoteInfo = KittyBreeds;
		};
/* End PBXContainerItemProxy section */

/* Begin PBXFileReference section */
		0E4536343A1F673B47703459 /* Pods-KittyBreeds-KittyBreedsUITests.release.xcconfig */ = {isa = PBXFileReference; includeInIndex = 1; lastKnownFileType = text.xcconfig; name = "Pods-KittyBreeds-KittyBreedsUITests.release.xcconfig"; path = "Target Support Files/Pods-KittyBreeds-KittyBreedsUITests/Pods-KittyBreeds-KittyBreedsUITests.release.xcconfig"; sourceTree = "<group>"; };
		510841CD44A514A0855D0CAC /* Pods-KittyBreedsTests.release.xcconfig */ = {isa = PBXFileReference; includeInIndex = 1; lastKnownFileType = text.xcconfig; name = "Pods-KittyBreedsTests.release.xcconfig"; path = "Target Support Files/Pods-KittyBreedsTests/Pods-KittyBreedsTests.release.xcconfig"; sourceTree = "<group>"; };
		52686A9CEA825B34E7889D6D /* Pods_KittyBreeds.framework */ = {isa = PBXFileReference; explicitFileType = wrapper.framework; includeInIndex = 0; path = Pods_KittyBreeds.framework; sourceTree = BUILT_PRODUCTS_DIR; };
		6CF8B4A646EF4E544B5818AA /* Pods_KittyBreedsTests.framework */ = {isa = PBXFileReference; explicitFileType = wrapper.framework; includeInIndex = 0; path = Pods_KittyBreedsTests.framework; sourceTree = BUILT_PRODUCTS_DIR; };
		99BF67754792AE596A9A571F /* Pods-KittyBreedsTests.debug.xcconfig */ = {isa = PBXFileReference; includeInIndex = 1; lastKnownFileType = text.xcconfig; name = "Pods-KittyBreedsTests.debug.xcconfig"; path = "Target Support Files/Pods-KittyBreedsTests/Pods-KittyBreedsTests.debug.xcconfig"; sourceTree = "<group>"; };
		A8B621B1F12094D13ADD7CE9 /* Pods-KittyBreeds.release.xcconfig */ = {isa = PBXFileReference; includeInIndex = 1; lastKnownFileType = text.xcconfig; name = "Pods-KittyBreeds.release.xcconfig"; path = "Target Support Files/Pods-KittyBreeds/Pods-KittyBreeds.release.xcconfig"; sourceTree = "<group>"; };
		D9F14011558DDA576F3670AA /* Pods_KittyBreeds_KittyBreedsUITests.framework */ = {isa = PBXFileReference; explicitFileType = wrapper.framework; includeInIndex = 0; path = Pods_KittyBreeds_KittyBreedsUITests.framework; sourceTree = BUILT_PRODUCTS_DIR; };
		E58CA8C928B52EEE00F69A5D /* KittyBreeds.app */ = {isa = PBXFileReference; explicitFileType = wrapper.application; includeInIndex = 0; path = KittyBreeds.app; sourceTree = BUILT_PRODUCTS_DIR; };
		E58CA8CC28B52EEE00F69A5D /* AppDelegate.swift */ = {isa = PBXFileReference; lastKnownFileType = sourcecode.swift; path = AppDelegate.swift; sourceTree = "<group>"; };
		E58CA8D528B52EF000F69A5D /* Assets.xcassets */ = {isa = PBXFileReference; lastKnownFileType = folder.assetcatalog; path = Assets.xcassets; sourceTree = "<group>"; };
		E58CA8DA28B52EF000F69A5D /* Info.plist */ = {isa = PBXFileReference; lastKnownFileType = text.plist.xml; name = Info.plist; path = Resources/Info.plist; sourceTree = "<group>"; };
		E58CA8DF28B52EF000F69A5D /* KittyBreedsTests.xctest */ = {isa = PBXFileReference; explicitFileType = wrapper.cfbundle; includeInIndex = 0; path = KittyBreedsTests.xctest; sourceTree = BUILT_PRODUCTS_DIR; };
		E58CA8E328B52EF000F69A5D /* KittyBreedsTests.swift */ = {isa = PBXFileReference; lastKnownFileType = sourcecode.swift; path = KittyBreedsTests.swift; sourceTree = "<group>"; };
		E58CA8E928B52EF000F69A5D /* KittyBreedsUITests.xctest */ = {isa = PBXFileReference; explicitFileType = wrapper.cfbundle; includeInIndex = 0; path = KittyBreedsUITests.xctest; sourceTree = BUILT_PRODUCTS_DIR; };
		E58CA8ED28B52EF000F69A5D /* KittyBreedsUITests.swift */ = {isa = PBXFileReference; lastKnownFileType = sourcecode.swift; path = KittyBreedsUITests.swift; sourceTree = "<group>"; };
		E58CA8EF28B52EF000F69A5D /* KittyBreedsUITestsLaunchTests.swift */ = {isa = PBXFileReference; lastKnownFileType = sourcecode.swift; path = KittyBreedsUITestsLaunchTests.swift; sourceTree = "<group>"; };
		E58CA90128B5337400F69A5D /* KittyBreedModel.swift */ = {isa = PBXFileReference; lastKnownFileType = sourcecode.swift; path = KittyBreedModel.swift; sourceTree = "<group>"; };
		E58CA90328B5340500F69A5D /* KittyBreedImageModel.swift */ = {isa = PBXFileReference; lastKnownFileType = sourcecode.swift; path = KittyBreedImageModel.swift; sourceTree = "<group>"; };
		E58CA90528B534A600F69A5D /* KittyBreedListController.swift */ = {isa = PBXFileReference; lastKnownFileType = sourcecode.swift; path = KittyBreedListController.swift; sourceTree = "<group>"; };
		E58CA90828B534FD00F69A5D /* NetworkManager.swift */ = {isa = PBXFileReference; lastKnownFileType = sourcecode.swift; path = NetworkManager.swift; sourceTree = "<group>"; };
		E58CA90A28B5352000F69A5D /* KittyBreedListViewModel.swift */ = {isa = PBXFileReference; lastKnownFileType = sourcecode.swift; path = KittyBreedListViewModel.swift; sourceTree = "<group>"; };
		E58CA90C28B5359800F69A5D /* AppCoordinator.swift */ = {isa = PBXFileReference; lastKnownFileType = sourcecode.swift; path = AppCoordinator.swift; sourceTree = "<group>"; };
		E58CA90E28B53BA800F69A5D /* KittyBreedListView.swift */ = {isa = PBXFileReference; lastKnownFileType = sourcecode.swift; path = KittyBreedListView.swift; sourceTree = "<group>"; };
		E58CA91328B5557200F69A5D /* KittyBreedListCell.swift */ = {isa = PBXFileReference; lastKnownFileType = sourcecode.swift; path = KittyBreedListCell.swift; sourceTree = "<group>"; };
		E58CA91728B63BF700F69A5D /* Constants.swift */ = {isa = PBXFileReference; lastKnownFileType = sourcecode.swift; path = Constants.swift; sourceTree = "<group>"; };
		E58CA91928B6778500F69A5D /* KittyBreedInfoController.swift */ = {isa = PBXFileReference; lastKnownFileType = sourcecode.swift; path = KittyBreedInfoController.swift; sourceTree = "<group>"; };
		E58CA91D28B769B100F69A5D /* KittyBreedInfoView.swift */ = {isa = PBXFileReference; lastKnownFileType = sourcecode.swift; path = KittyBreedInfoView.swift; sourceTree = "<group>"; };
		E58CA91F28B76C4800F69A5D /* KittyBreedInfoViewModel.swift */ = {isa = PBXFileReference; lastKnownFileType = sourcecode.swift; path = KittyBreedInfoViewModel.swift; sourceTree = "<group>"; };
		E58CA92128B76F1800F69A5D /* KittyBreedInfoModel.swift */ = {isa = PBXFileReference; lastKnownFileType = sourcecode.swift; path = KittyBreedInfoModel.swift; sourceTree = "<group>"; };
		F40B26CB63A06AB6255AF603 /* Pods-KittyBreeds-KittyBreedsUITests.debug.xcconfig */ = {isa = PBXFileReference; includeInIndex = 1; lastKnownFileType = text.xcconfig; name = "Pods-KittyBreeds-KittyBreedsUITests.debug.xcconfig"; path = "Target Support Files/Pods-KittyBreeds-KittyBreedsUITests/Pods-KittyBreeds-KittyBreedsUITests.debug.xcconfig"; sourceTree = "<group>"; };
		FD09A37C86C8015A4B4DD21A /* Pods-KittyBreeds.debug.xcconfig */ = {isa = PBXFileReference; includeInIndex = 1; lastKnownFileType = text.xcconfig; name = "Pods-KittyBreeds.debug.xcconfig"; path = "Target Support Files/Pods-KittyBreeds/Pods-KittyBreeds.debug.xcconfig"; sourceTree = "<group>"; };
/* End PBXFileReference section */

/* Begin PBXFrameworksBuildPhase section */
		E58CA8C628B52EEE00F69A5D /* Frameworks */ = {
			isa = PBXFrameworksBuildPhase;
			buildActionMask = 2147483647;
			files = (
				9D68BC28089A4A8D4257B38F /* Pods_KittyBreeds.framework in Frameworks */,
			);
			runOnlyForDeploymentPostprocessing = 0;
		};
		E58CA8DC28B52EF000F69A5D /* Frameworks */ = {
			isa = PBXFrameworksBuildPhase;
			buildActionMask = 2147483647;
			files = (
				434A002D19B4F6A5A1B77B61 /* Pods_KittyBreedsTests.framework in Frameworks */,
			);
			runOnlyForDeploymentPostprocessing = 0;
		};
		E58CA8E628B52EF000F69A5D /* Frameworks */ = {
			isa = PBXFrameworksBuildPhase;
			buildActionMask = 2147483647;
			files = (
				6A7438E67107B30AE4E70EBF /* Pods_KittyBreeds_KittyBreedsUITests.framework in Frameworks */,
			);
			runOnlyForDeploymentPostprocessing = 0;
		};
/* End PBXFrameworksBuildPhase section */

/* Begin PBXGroup section */
		C706F72C4B9E4FB8F6095FC4 /* Pods */ = {
			isa = PBXGroup;
			children = (
				FD09A37C86C8015A4B4DD21A /* Pods-KittyBreeds.debug.xcconfig */,
				A8B621B1F12094D13ADD7CE9 /* Pods-KittyBreeds.release.xcconfig */,
				F40B26CB63A06AB6255AF603 /* Pods-KittyBreeds-KittyBreedsUITests.debug.xcconfig */,
				0E4536343A1F673B47703459 /* Pods-KittyBreeds-KittyBreedsUITests.release.xcconfig */,
				99BF67754792AE596A9A571F /* Pods-KittyBreedsTests.debug.xcconfig */,
				510841CD44A514A0855D0CAC /* Pods-KittyBreedsTests.release.xcconfig */,
			);
			path = Pods;
			sourceTree = "<group>";
		};
		E58CA8C028B52EEE00F69A5D = {
			isa = PBXGroup;
			children = (
				E58CA8CB28B52EEE00F69A5D /* KittyBreeds */,
				E58CA8E228B52EF000F69A5D /* KittyBreedsTests */,
				E58CA8EC28B52EF000F69A5D /* KittyBreedsUITests */,
				E58CA8CA28B52EEE00F69A5D /* Products */,
				C706F72C4B9E4FB8F6095FC4 /* Pods */,
				F53E3C50C81AA9BBCCC24534 /* Frameworks */,
			);
			sourceTree = "<group>";
		};
		E58CA8CA28B52EEE00F69A5D /* Products */ = {
			isa = PBXGroup;
			children = (
				E58CA8C928B52EEE00F69A5D /* KittyBreeds.app */,
				E58CA8DF28B52EF000F69A5D /* KittyBreedsTests.xctest */,
				E58CA8E928B52EF000F69A5D /* KittyBreedsUITests.xctest */,
			);
			name = Products;
			sourceTree = "<group>";
		};
		E58CA8CB28B52EEE00F69A5D /* KittyBreeds */ = {
			isa = PBXGroup;
			children = (
				E58CA8FC28B52FE500F69A5D /* Application */,
				E58CA8FF28B5300800F69A5D /* Models */,
				E58CA8FE28B5300400F69A5D /* Modules */,
				E58CA90728B534F400F69A5D /* Services */,
				E58CA90028B5302300F69A5D /* Resources */,
				E58CA8DA28B52EF000F69A5D /* Info.plist */,
			);
			path = KittyBreeds;
			sourceTree = "<group>";
		};
		E58CA8E228B52EF000F69A5D /* KittyBreedsTests */ = {
			isa = PBXGroup;
			children = (
				E58CA8E328B52EF000F69A5D /* KittyBreedsTests.swift */,
			);
			path = KittyBreedsTests;
			sourceTree = "<group>";
		};
		E58CA8EC28B52EF000F69A5D /* KittyBreedsUITests */ = {
			isa = PBXGroup;
			children = (
				E58CA8ED28B52EF000F69A5D /* KittyBreedsUITests.swift */,
				E58CA8EF28B52EF000F69A5D /* KittyBreedsUITestsLaunchTests.swift */,
			);
			path = KittyBreedsUITests;
			sourceTree = "<group>";
		};
		E58CA8FC28B52FE500F69A5D /* Application */ = {
			isa = PBXGroup;
			children = (
				E58CA8CC28B52EEE00F69A5D /* AppDelegate.swift */,
				E58CA90C28B5359800F69A5D /* AppCoordinator.swift */,
			);
			path = Application;
			sourceTree = "<group>";
		};
		E58CA8FE28B5300400F69A5D /* Modules */ = {
			isa = PBXGroup;
			children = (
				E58CA91028B5553700F69A5D /* BreedList */,
				E58CA91128B5553E00F69A5D /* KittyBreedInfo */,
			);
			path = Modules;
			sourceTree = "<group>";
		};
		E58CA8FF28B5300800F69A5D /* Models */ = {
			isa = PBXGroup;
			children = (
				E58CA90128B5337400F69A5D /* KittyBreedModel.swift */,
				E58CA90328B5340500F69A5D /* KittyBreedImageModel.swift */,
				E58CA92128B76F1800F69A5D /* KittyBreedInfoModel.swift */,
			);
			path = Models;
			sourceTree = "<group>";
		};
		E58CA90028B5302300F69A5D /* Resources */ = {
			isa = PBXGroup;
			children = (
				E58CA8D528B52EF000F69A5D /* Assets.xcassets */,
				E58CA91728B63BF700F69A5D /* Constants.swift */,
			);
			path = Resources;
			sourceTree = "<group>";
		};
		E58CA90728B534F400F69A5D /* Services */ = {
			isa = PBXGroup;
			children = (
				E58CA90828B534FD00F69A5D /* NetworkManager.swift */,
			);
			path = Services;
			sourceTree = "<group>";
		};
		E58CA91028B5553700F69A5D /* BreedList */ = {
			isa = PBXGroup;
			children = (
				E58CA91B28B67AB600F69A5D /* Cells */,
				E58CA90E28B53BA800F69A5D /* KittyBreedListView.swift */,
				E58CA90528B534A600F69A5D /* KittyBreedListController.swift */,
				E58CA90A28B5352000F69A5D /* KittyBreedListViewModel.swift */,
			);
			path = BreedList;
			sourceTree = "<group>";
		};
		E58CA91128B5553E00F69A5D /* KittyBreedInfo */ = {
			isa = PBXGroup;
			children = (
				E58CA92328B778C500F69A5D /* Cells */,
				E58CA91D28B769B100F69A5D /* KittyBreedInfoView.swift */,
				E58CA91928B6778500F69A5D /* KittyBreedInfoController.swift */,
				E58CA91F28B76C4800F69A5D /* KittyBreedInfoViewModel.swift */,
			);
			path = KittyBreedInfo;
			sourceTree = "<group>";
		};
		E58CA91B28B67AB600F69A5D /* Cells */ = {
			isa = PBXGroup;
			children = (
				E58CA91328B5557200F69A5D /* KittyBreedListCell.swift */,
			);
			path = Cells;
			sourceTree = "<group>";
		};
		E58CA92328B778C500F69A5D /* Cells */ = {
			isa = PBXGroup;
			children = (
			);
			path = Cells;
			sourceTree = "<group>";
		};
		F53E3C50C81AA9BBCCC24534 /* Frameworks */ = {
			isa = PBXGroup;
			children = (
				52686A9CEA825B34E7889D6D /* Pods_KittyBreeds.framework */,
				D9F14011558DDA576F3670AA /* Pods_KittyBreeds_KittyBreedsUITests.framework */,
				6CF8B4A646EF4E544B5818AA /* Pods_KittyBreedsTests.framework */,
			);
			name = Frameworks;
			sourceTree = "<group>";
		};
/* End PBXGroup section */

/* Begin PBXNativeTarget section */
		E58CA8C828B52EEE00F69A5D /* KittyBreeds */ = {
			isa = PBXNativeTarget;
			buildConfigurationList = E58CA8F328B52EF000F69A5D /* Build configuration list for PBXNativeTarget "KittyBreeds" */;
			buildPhases = (
				BF0327ED05B2459E19604604 /* [CP] Check Pods Manifest.lock */,
				E58CA8C528B52EEE00F69A5D /* Sources */,
				E58CA8C628B52EEE00F69A5D /* Frameworks */,
				E58CA8C728B52EEE00F69A5D /* Resources */,
				426F954FC0427CEB197E84F8 /* [CP] Embed Pods Frameworks */,
			);
			buildRules = (
			);
			dependencies = (
			);
			name = KittyBreeds;
			productName = KittyBreeds;
			productReference = E58CA8C928B52EEE00F69A5D /* KittyBreeds.app */;
			productType = "com.apple.product-type.application";
		};
		E58CA8DE28B52EF000F69A5D /* KittyBreedsTests */ = {
			isa = PBXNativeTarget;
			buildConfigurationList = E58CA8F628B52EF000F69A5D /* Build configuration list for PBXNativeTarget "KittyBreedsTests" */;
			buildPhases = (
				15EB4788309B9F6F779F2347 /* [CP] Check Pods Manifest.lock */,
				E58CA8DB28B52EF000F69A5D /* Sources */,
				E58CA8DC28B52EF000F69A5D /* Frameworks */,
				E58CA8DD28B52EF000F69A5D /* Resources */,
			);
			buildRules = (
			);
			dependencies = (
				E58CA8E128B52EF000F69A5D /* PBXTargetDependency */,
			);
			name = KittyBreedsTests;
			productName = KittyBreedsTests;
			productReference = E58CA8DF28B52EF000F69A5D /* KittyBreedsTests.xctest */;
			productType = "com.apple.product-type.bundle.unit-test";
		};
		E58CA8E828B52EF000F69A5D /* KittyBreedsUITests */ = {
			isa = PBXNativeTarget;
			buildConfigurationList = E58CA8F928B52EF000F69A5D /* Build configuration list for PBXNativeTarget "KittyBreedsUITests" */;
			buildPhases = (
				81B39B297A3694D7318B30AF /* [CP] Check Pods Manifest.lock */,
				E58CA8E528B52EF000F69A5D /* Sources */,
				E58CA8E628B52EF000F69A5D /* Frameworks */,
				E58CA8E728B52EF000F69A5D /* Resources */,
				DCB32AF4EAD1E835ADEF1574 /* [CP] Embed Pods Frameworks */,
			);
			buildRules = (
			);
			dependencies = (
				E58CA8EB28B52EF000F69A5D /* PBXTargetDependency */,
			);
			name = KittyBreedsUITests;
			productName = KittyBreedsUITests;
			productReference = E58CA8E928B52EF000F69A5D /* KittyBreedsUITests.xctest */;
			productType = "com.apple.product-type.bundle.ui-testing";
		};
/* End PBXNativeTarget section */

/* Begin PBXProject section */
		E58CA8C128B52EEE00F69A5D /* Project object */ = {
			isa = PBXProject;
			attributes = {
				BuildIndependentTargetsInParallel = 1;
				LastSwiftUpdateCheck = 1340;
				LastUpgradeCheck = 1340;
				TargetAttributes = {
					E58CA8C828B52EEE00F69A5D = {
						CreatedOnToolsVersion = 13.4.1;
					};
					E58CA8DE28B52EF000F69A5D = {
						CreatedOnToolsVersion = 13.4.1;
						TestTargetID = E58CA8C828B52EEE00F69A5D;
					};
					E58CA8E828B52EF000F69A5D = {
						CreatedOnToolsVersion = 13.4.1;
						TestTargetID = E58CA8C828B52EEE00F69A5D;
					};
				};
			};
			buildConfigurationList = E58CA8C428B52EEE00F69A5D /* Build configuration list for PBXProject "KittyBreeds" */;
			compatibilityVersion = "Xcode 13.0";
			developmentRegion = en;
			hasScannedForEncodings = 0;
			knownRegions = (
				en,
				Base,
			);
			mainGroup = E58CA8C028B52EEE00F69A5D;
			productRefGroup = E58CA8CA28B52EEE00F69A5D /* Products */;
			projectDirPath = "";
			projectRoot = "";
			targets = (
				E58CA8C828B52EEE00F69A5D /* KittyBreeds */,
				E58CA8DE28B52EF000F69A5D /* KittyBreedsTests */,
				E58CA8E828B52EF000F69A5D /* KittyBreedsUITests */,
			);
		};
/* End PBXProject section */

/* Begin PBXResourcesBuildPhase section */
		E58CA8C728B52EEE00F69A5D /* Resources */ = {
			isa = PBXResourcesBuildPhase;
			buildActionMask = 2147483647;
			files = (
				E58CA8D628B52EF000F69A5D /* Assets.xcassets in Resources */,
			);
			runOnlyForDeploymentPostprocessing = 0;
		};
		E58CA8DD28B52EF000F69A5D /* Resources */ = {
			isa = PBXResourcesBuildPhase;
			buildActionMask = 2147483647;
			files = (
			);
			runOnlyForDeploymentPostprocessing = 0;
		};
		E58CA8E728B52EF000F69A5D /* Resources */ = {
			isa = PBXResourcesBuildPhase;
			buildActionMask = 2147483647;
			files = (
			);
			runOnlyForDeploymentPostprocessing = 0;
		};
/* End PBXResourcesBuildPhase section */

/* Begin PBXShellScriptBuildPhase section */
		15EB4788309B9F6F779F2347 /* [CP] Check Pods Manifest.lock */ = {
			isa = PBXShellScriptBuildPhase;
			buildActionMask = 2147483647;
			files = (
			);
			inputFileListPaths = (
			);
			inputPaths = (
				"${PODS_PODFILE_DIR_PATH}/Podfile.lock",
				"${PODS_ROOT}/Manifest.lock",
			);
			name = "[CP] Check Pods Manifest.lock";
			outputFileListPaths = (
			);
			outputPaths = (
				"$(DERIVED_FILE_DIR)/Pods-KittyBreedsTests-checkManifestLockResult.txt",
			);
			runOnlyForDeploymentPostprocessing = 0;
			shellPath = /bin/sh;
			shellScript = "diff \"${PODS_PODFILE_DIR_PATH}/Podfile.lock\" \"${PODS_ROOT}/Manifest.lock\" > /dev/null\nif [ $? != 0 ] ; then\n    # print error to STDERR\n    echo \"error: The sandbox is not in sync with the Podfile.lock. Run 'pod install' or update your CocoaPods installation.\" >&2\n    exit 1\nfi\n# This output is used by Xcode 'outputs' to avoid re-running this script phase.\necho \"SUCCESS\" > \"${SCRIPT_OUTPUT_FILE_0}\"\n";
			showEnvVarsInLog = 0;
		};
		426F954FC0427CEB197E84F8 /* [CP] Embed Pods Frameworks */ = {
			isa = PBXShellScriptBuildPhase;
			buildActionMask = 2147483647;
			files = (
			);
			inputFileListPaths = (
				"${PODS_ROOT}/Target Support Files/Pods-KittyBreeds/Pods-KittyBreeds-frameworks-${CONFIGURATION}-input-files.xcfilelist",
			);
			name = "[CP] Embed Pods Frameworks";
			outputFileListPaths = (
				"${PODS_ROOT}/Target Support Files/Pods-KittyBreeds/Pods-KittyBreeds-frameworks-${CONFIGURATION}-output-files.xcfilelist",
			);
			runOnlyForDeploymentPostprocessing = 0;
			shellPath = /bin/sh;
			shellScript = "\"${PODS_ROOT}/Target Support Files/Pods-KittyBreeds/Pods-KittyBreeds-frameworks.sh\"\n";
			showEnvVarsInLog = 0;
		};
		81B39B297A3694D7318B30AF /* [CP] Check Pods Manifest.lock */ = {
			isa = PBXShellScriptBuildPhase;
			buildActionMask = 2147483647;
			files = (
			);
			inputFileListPaths = (
			);
			inputPaths = (
				"${PODS_PODFILE_DIR_PATH}/Podfile.lock",
				"${PODS_ROOT}/Manifest.lock",
			);
			name = "[CP] Check Pods Manifest.lock";
			outputFileListPaths = (
			);
			outputPaths = (
				"$(DERIVED_FILE_DIR)/Pods-KittyBreeds-KittyBreedsUITests-checkManifestLockResult.txt",
			);
			runOnlyForDeploymentPostprocessing = 0;
			shellPath = /bin/sh;
			shellScript = "diff \"${PODS_PODFILE_DIR_PATH}/Podfile.lock\" \"${PODS_ROOT}/Manifest.lock\" > /dev/null\nif [ $? != 0 ] ; then\n    # print error to STDERR\n    echo \"error: The sandbox is not in sync with the Podfile.lock. Run 'pod install' or update your CocoaPods installation.\" >&2\n    exit 1\nfi\n# This output is used by Xcode 'outputs' to avoid re-running this script phase.\necho \"SUCCESS\" > \"${SCRIPT_OUTPUT_FILE_0}\"\n";
			showEnvVarsInLog = 0;
		};
		BF0327ED05B2459E19604604 /* [CP] Check Pods Manifest.lock */ = {
			isa = PBXShellScriptBuildPhase;
			buildActionMask = 2147483647;
			files = (
			);
			inputFileListPaths = (
			);
			inputPaths = (
				"${PODS_PODFILE_DIR_PATH}/Podfile.lock",
				"${PODS_ROOT}/Manifest.lock",
			);
			name = "[CP] Check Pods Manifest.lock";
			outputFileListPaths = (
			);
			outputPaths = (
				"$(DERIVED_FILE_DIR)/Pods-KittyBreeds-checkManifestLockResult.txt",
			);
			runOnlyForDeploymentPostprocessing = 0;
			shellPath = /bin/sh;
			shellScript = "diff \"${PODS_PODFILE_DIR_PATH}/Podfile.lock\" \"${PODS_ROOT}/Manifest.lock\" > /dev/null\nif [ $? != 0 ] ; then\n    # print error to STDERR\n    echo \"error: The sandbox is not in sync with the Podfile.lock. Run 'pod install' or update your CocoaPods installation.\" >&2\n    exit 1\nfi\n# This output is used by Xcode 'outputs' to avoid re-running this script phase.\necho \"SUCCESS\" > \"${SCRIPT_OUTPUT_FILE_0}\"\n";
			showEnvVarsInLog = 0;
		};
		DCB32AF4EAD1E835ADEF1574 /* [CP] Embed Pods Frameworks */ = {
			isa = PBXShellScriptBuildPhase;
			buildActionMask = 2147483647;
			files = (
			);
			inputFileListPaths = (
				"${PODS_ROOT}/Target Support Files/Pods-KittyBreeds-KittyBreedsUITests/Pods-KittyBreeds-KittyBreedsUITests-frameworks-${CONFIGURATION}-input-files.xcfilelist",
			);
			name = "[CP] Embed Pods Frameworks";
			outputFileListPaths = (
				"${PODS_ROOT}/Target Support Files/Pods-KittyBreeds-KittyBreedsUITests/Pods-KittyBreeds-KittyBreedsUITests-frameworks-${CONFIGURATION}-output-files.xcfilelist",
			);
			runOnlyForDeploymentPostprocessing = 0;
			shellPath = /bin/sh;
			shellScript = "\"${PODS_ROOT}/Target Support Files/Pods-KittyBreeds-KittyBreedsUITests/Pods-KittyBreeds-KittyBreedsUITests-frameworks.sh\"\n";
			showEnvVarsInLog = 0;
		};
/* End PBXShellScriptBuildPhase section */

/* Begin PBXSourcesBuildPhase section */
		E58CA8C528B52EEE00F69A5D /* Sources */ = {
			isa = PBXSourcesBuildPhase;
			buildActionMask = 2147483647;
			files = (
				E58CA90B28B5352000F69A5D /* KittyBreedListViewModel.swift in Sources */,
				E58CA90928B534FD00F69A5D /* NetworkManager.swift in Sources */,
				E58CA90428B5340500F69A5D /* KittyBreedImageModel.swift in Sources */,
				E58CA92028B76C4800F69A5D /* KittyBreedInfoViewModel.swift in Sources */,
				E58CA90228B5337400F69A5D /* KittyBreedModel.swift in Sources */,
				E58CA91428B5557200F69A5D /* KittyBreedListCell.swift in Sources */,
				E58CA92228B76F1800F69A5D /* KittyBreedInfoModel.swift in Sources */,
				E58CA91E28B769B100F69A5D /* KittyBreedInfoView.swift in Sources */,
				E58CA91828B63BF700F69A5D /* Constants.swift in Sources */,
				E58CA90D28B5359800F69A5D /* AppCoordinator.swift in Sources */,
				E58CA90F28B53BA800F69A5D /* KittyBreedListView.swift in Sources */,
				E58CA90628B534A600F69A5D /* KittyBreedListController.swift in Sources */,
				E58CA91A28B6778500F69A5D /* KittyBreedInfoController.swift in Sources */,
				E58CA8CD28B52EEE00F69A5D /* AppDelegate.swift in Sources */,
			);
			runOnlyForDeploymentPostprocessing = 0;
		};
		E58CA8DB28B52EF000F69A5D /* Sources */ = {
			isa = PBXSourcesBuildPhase;
			buildActionMask = 2147483647;
			files = (
				E58CA8E428B52EF000F69A5D /* KittyBreedsTests.swift in Sources */,
			);
			runOnlyForDeploymentPostprocessing = 0;
		};
		E58CA8E528B52EF000F69A5D /* Sources */ = {
			isa = PBXSourcesBuildPhase;
			buildActionMask = 2147483647;
			files = (
				E58CA8EE28B52EF000F69A5D /* KittyBreedsUITests.swift in Sources */,
				E58CA8F028B52EF000F69A5D /* KittyBreedsUITestsLaunchTests.swift in Sources */,
			);
			runOnlyForDeploymentPostprocessing = 0;
		};
/* End PBXSourcesBuildPhase section */

/* Begin PBXTargetDependency section */
		E58CA8E128B52EF000F69A5D /* PBXTargetDependency */ = {
			isa = PBXTargetDependency;
			target = E58CA8C828B52EEE00F69A5D /* KittyBreeds */;
			targetProxy = E58CA8E028B52EF000F69A5D /* PBXContainerItemProxy */;
		};
		E58CA8EB28B52EF000F69A5D /* PBXTargetDependency */ = {
			isa = PBXTargetDependency;
			target = E58CA8C828B52EEE00F69A5D /* KittyBreeds */;
			targetProxy = E58CA8EA28B52EF000F69A5D /* PBXContainerItemProxy */;
		};
/* End PBXTargetDependency section */

/* Begin XCBuildConfiguration section */
		E58CA8F128B52EF000F69A5D /* Debug */ = {
			isa = XCBuildConfiguration;
			buildSettings = {
				ALWAYS_SEARCH_USER_PATHS = NO;
				CLANG_ANALYZER_NONNULL = YES;
				CLANG_ANALYZER_NUMBER_OBJECT_CONVERSION = YES_AGGRESSIVE;
				CLANG_CXX_LANGUAGE_STANDARD = "gnu++17";
				CLANG_ENABLE_MODULES = YES;
				CLANG_ENABLE_OBJC_ARC = YES;
				CLANG_ENABLE_OBJC_WEAK = YES;
				CLANG_WARN_BLOCK_CAPTURE_AUTORELEASING = YES;
				CLANG_WARN_BOOL_CONVERSION = YES;
				CLANG_WARN_COMMA = YES;
				CLANG_WARN_CONSTANT_CONVERSION = YES;
				CLANG_WARN_DEPRECATED_OBJC_IMPLEMENTATIONS = YES;
				CLANG_WARN_DIRECT_OBJC_ISA_USAGE = YES_ERROR;
				CLANG_WARN_DOCUMENTATION_COMMENTS = YES;
				CLANG_WARN_EMPTY_BODY = YES;
				CLANG_WARN_ENUM_CONVERSION = YES;
				CLANG_WARN_INFINITE_RECURSION = YES;
				CLANG_WARN_INT_CONVERSION = YES;
				CLANG_WARN_NON_LITERAL_NULL_CONVERSION = YES;
				CLANG_WARN_OBJC_IMPLICIT_RETAIN_SELF = YES;
				CLANG_WARN_OBJC_LITERAL_CONVERSION = YES;
				CLANG_WARN_OBJC_ROOT_CLASS = YES_ERROR;
				CLANG_WARN_QUOTED_INCLUDE_IN_FRAMEWORK_HEADER = YES;
				CLANG_WARN_RANGE_LOOP_ANALYSIS = YES;
				CLANG_WARN_STRICT_PROTOTYPES = YES;
				CLANG_WARN_SUSPICIOUS_MOVE = YES;
				CLANG_WARN_UNGUARDED_AVAILABILITY = YES_AGGRESSIVE;
				CLANG_WARN_UNREACHABLE_CODE = YES;
				CLANG_WARN__DUPLICATE_METHOD_MATCH = YES;
				COPY_PHASE_STRIP = NO;
				DEBUG_INFORMATION_FORMAT = dwarf;
				ENABLE_STRICT_OBJC_MSGSEND = YES;
				ENABLE_TESTABILITY = YES;
				GCC_C_LANGUAGE_STANDARD = gnu11;
				GCC_DYNAMIC_NO_PIC = NO;
				GCC_NO_COMMON_BLOCKS = YES;
				GCC_OPTIMIZATION_LEVEL = 0;
				GCC_PREPROCESSOR_DEFINITIONS = (
					"DEBUG=1",
					"$(inherited)",
				);
				GCC_WARN_64_TO_32_BIT_CONVERSION = YES;
				GCC_WARN_ABOUT_RETURN_TYPE = YES_ERROR;
				GCC_WARN_UNDECLARED_SELECTOR = YES;
				GCC_WARN_UNINITIALIZED_AUTOS = YES_AGGRESSIVE;
				GCC_WARN_UNUSED_FUNCTION = YES;
				GCC_WARN_UNUSED_VARIABLE = YES;
				IPHONEOS_DEPLOYMENT_TARGET = 15.5;
				MTL_ENABLE_DEBUG_INFO = INCLUDE_SOURCE;
				MTL_FAST_MATH = YES;
				ONLY_ACTIVE_ARCH = YES;
				SDKROOT = iphoneos;
				SWIFT_ACTIVE_COMPILATION_CONDITIONS = DEBUG;
				SWIFT_OPTIMIZATION_LEVEL = "-Onone";
			};
			name = Debug;
		};
		E58CA8F228B52EF000F69A5D /* Release */ = {
			isa = XCBuildConfiguration;
			buildSettings = {
				ALWAYS_SEARCH_USER_PATHS = NO;
				CLANG_ANALYZER_NONNULL = YES;
				CLANG_ANALYZER_NUMBER_OBJECT_CONVERSION = YES_AGGRESSIVE;
				CLANG_CXX_LANGUAGE_STANDARD = "gnu++17";
				CLANG_ENABLE_MODULES = YES;
				CLANG_ENABLE_OBJC_ARC = YES;
				CLANG_ENABLE_OBJC_WEAK = YES;
				CLANG_WARN_BLOCK_CAPTURE_AUTORELEASING = YES;
				CLANG_WARN_BOOL_CONVERSION = YES;
				CLANG_WARN_COMMA = YES;
				CLANG_WARN_CONSTANT_CONVERSION = YES;
				CLANG_WARN_DEPRECATED_OBJC_IMPLEMENTATIONS = YES;
				CLANG_WARN_DIRECT_OBJC_ISA_USAGE = YES_ERROR;
				CLANG_WARN_DOCUMENTATION_COMMENTS = YES;
				CLANG_WARN_EMPTY_BODY = YES;
				CLANG_WARN_ENUM_CONVERSION = YES;
				CLANG_WARN_INFINITE_RECURSION = YES;
				CLANG_WARN_INT_CONVERSION = YES;
				CLANG_WARN_NON_LITERAL_NULL_CONVERSION = YES;
				CLANG_WARN_OBJC_IMPLICIT_RETAIN_SELF = YES;
				CLANG_WARN_OBJC_LITERAL_CONVERSION = YES;
				CLANG_WARN_OBJC_ROOT_CLASS = YES_ERROR;
				CLANG_WARN_QUOTED_INCLUDE_IN_FRAMEWORK_HEADER = YES;
				CLANG_WARN_RANGE_LOOP_ANALYSIS = YES;
				CLANG_WARN_STRICT_PROTOTYPES = YES;
				CLANG_WARN_SUSPICIOUS_MOVE = YES;
				CLANG_WARN_UNGUARDED_AVAILABILITY = YES_AGGRESSIVE;
				CLANG_WARN_UNREACHABLE_CODE = YES;
				CLANG_WARN__DUPLICATE_METHOD_MATCH = YES;
				COPY_PHASE_STRIP = NO;
				DEBUG_INFORMATION_FORMAT = "dwarf-with-dsym";
				ENABLE_NS_ASSERTIONS = NO;
				ENABLE_STRICT_OBJC_MSGSEND = YES;
				GCC_C_LANGUAGE_STANDARD = gnu11;
				GCC_NO_COMMON_BLOCKS = YES;
				GCC_WARN_64_TO_32_BIT_CONVERSION = YES;
				GCC_WARN_ABOUT_RETURN_TYPE = YES_ERROR;
				GCC_WARN_UNDECLARED_SELECTOR = YES;
				GCC_WARN_UNINITIALIZED_AUTOS = YES_AGGRESSIVE;
				GCC_WARN_UNUSED_FUNCTION = YES;
				GCC_WARN_UNUSED_VARIABLE = YES;
				IPHONEOS_DEPLOYMENT_TARGET = 15.5;
				MTL_ENABLE_DEBUG_INFO = NO;
				MTL_FAST_MATH = YES;
				SDKROOT = iphoneos;
				SWIFT_COMPILATION_MODE = wholemodule;
				SWIFT_OPTIMIZATION_LEVEL = "-O";
				VALIDATE_PRODUCT = YES;
			};
			name = Release;
		};
		E58CA8F428B52EF000F69A5D /* Debug */ = {
			isa = XCBuildConfiguration;
			baseConfigurationReference = FD09A37C86C8015A4B4DD21A /* Pods-KittyBreeds.debug.xcconfig */;
			buildSettings = {
				ASSETCATALOG_COMPILER_APPICON_NAME = AppIcon;
				ASSETCATALOG_COMPILER_GLOBAL_ACCENT_COLOR_NAME = AccentColor;
				CODE_SIGN_STYLE = Automatic;
				CURRENT_PROJECT_VERSION = 1;
				DEVELOPMENT_TEAM = 8222RF834L;
				GENERATE_INFOPLIST_FILE = YES;
				INFOPLIST_FILE = KittyBreeds/Info.plist;
				INFOPLIST_KEY_UIApplicationSupportsIndirectInputEvents = YES;
				INFOPLIST_KEY_UILaunchStoryboardName = LaunchScreen;
				INFOPLIST_KEY_UISupportedInterfaceOrientations_iPad = "UIInterfaceOrientationPortrait UIInterfaceOrientationPortraitUpsideDown UIInterfaceOrientationLandscapeLeft UIInterfaceOrientationLandscapeRight";
				INFOPLIST_KEY_UISupportedInterfaceOrientations_iPhone = "UIInterfaceOrientationPortrait UIInterfaceOrientationLandscapeLeft UIInterfaceOrientationLandscapeRight";
				LD_RUNPATH_SEARCH_PATHS = (
					"$(inherited)",
					"@executable_path/Frameworks",
				);
				MARKETING_VERSION = 1.0;
				PRODUCT_BUNDLE_IDENTIFIER = "pavel-yarovoi.KittyBreeds";
				PRODUCT_NAME = "$(TARGET_NAME)";
				SWIFT_EMIT_LOC_STRINGS = YES;
				SWIFT_VERSION = 5.0;
				TARGETED_DEVICE_FAMILY = "1,2";
			};
			name = Debug;
		};
		E58CA8F528B52EF000F69A5D /* Release */ = {
			isa = XCBuildConfiguration;
			baseConfigurationReference = A8B621B1F12094D13ADD7CE9 /* Pods-KittyBreeds.release.xcconfig */;
			buildSettings = {
				ASSETCATALOG_COMPILER_APPICON_NAME = AppIcon;
				ASSETCATALOG_COMPILER_GLOBAL_ACCENT_COLOR_NAME = AccentColor;
				CODE_SIGN_STYLE = Automatic;
				CURRENT_PROJECT_VERSION = 1;
				DEVELOPMENT_TEAM = 8222RF834L;
				GENERATE_INFOPLIST_FILE = YES;
				INFOPLIST_FILE = KittyBreeds/Info.plist;
				INFOPLIST_KEY_UIApplicationSupportsIndirectInputEvents = YES;
				INFOPLIST_KEY_UILaunchStoryboardName = LaunchScreen;
				INFOPLIST_KEY_UISupportedInterfaceOrientations_iPad = "UIInterfaceOrientationPortrait UIInterfaceOrientationPortraitUpsideDown UIInterfaceOrientationLandscapeLeft UIInterfaceOrientationLandscapeRight";
				INFOPLIST_KEY_UISupportedInterfaceOrientations_iPhone = "UIInterfaceOrientationPortrait UIInterfaceOrientationLandscapeLeft UIInterfaceOrientationLandscapeRight";
				LD_RUNPATH_SEARCH_PATHS = (
					"$(inherited)",
					"@executable_path/Frameworks",
				);
				MARKETING_VERSION = 1.0;
				PRODUCT_BUNDLE_IDENTIFIER = "pavel-yarovoi.KittyBreeds";
				PRODUCT_NAME = "$(TARGET_NAME)";
				SWIFT_EMIT_LOC_STRINGS = YES;
				SWIFT_VERSION = 5.0;
				TARGETED_DEVICE_FAMILY = "1,2";
			};
			name = Release;
		};
		E58CA8F728B52EF000F69A5D /* Debug */ = {
			isa = XCBuildConfiguration;
			baseConfigurationReference = 99BF67754792AE596A9A571F /* Pods-KittyBreedsTests.debug.xcconfig */;
			buildSettings = {
				ALWAYS_EMBED_SWIFT_STANDARD_LIBRARIES = YES;
				BUNDLE_LOADER = "$(TEST_HOST)";
				CODE_SIGN_STYLE = Automatic;
				CURRENT_PROJECT_VERSION = 1;
				DEVELOPMENT_TEAM = 8222RF834L;
				GENERATE_INFOPLIST_FILE = YES;
				IPHONEOS_DEPLOYMENT_TARGET = 15.5;
				MARKETING_VERSION = 1.0;
				PRODUCT_BUNDLE_IDENTIFIER = "pavel-yarovoi.KittyBreedsTests";
				PRODUCT_NAME = "$(TARGET_NAME)";
				SWIFT_EMIT_LOC_STRINGS = NO;
				SWIFT_VERSION = 5.0;
				TARGETED_DEVICE_FAMILY = "1,2";
				TEST_HOST = "$(BUILT_PRODUCTS_DIR)/KittyBreeds.app/KittyBreeds";
			};
			name = Debug;
		};
		E58CA8F828B52EF000F69A5D /* Release */ = {
			isa = XCBuildConfiguration;
			baseConfigurationReference = 510841CD44A514A0855D0CAC /* Pods-KittyBreedsTests.release.xcconfig */;
			buildSettings = {
				ALWAYS_EMBED_SWIFT_STANDARD_LIBRARIES = YES;
				BUNDLE_LOADER = "$(TEST_HOST)";
				CODE_SIGN_STYLE = Automatic;
				CURRENT_PROJECT_VERSION = 1;
				DEVELOPMENT_TEAM = 8222RF834L;
				GENERATE_INFOPLIST_FILE = YES;
				IPHONEOS_DEPLOYMENT_TARGET = 15.5;
				MARKETING_VERSION = 1.0;
				PRODUCT_BUNDLE_IDENTIFIER = "pavel-yarovoi.KittyBreedsTests";
				PRODUCT_NAME = "$(TARGET_NAME)";
				SWIFT_EMIT_LOC_STRINGS = NO;
				SWIFT_VERSION = 5.0;
				TARGETED_DEVICE_FAMILY = "1,2";
				TEST_HOST = "$(BUILT_PRODUCTS_DIR)/KittyBreeds.app/KittyBreeds";
			};
			name = Release;
		};
		E58CA8FA28B52EF000F69A5D /* Debug */ = {
			isa = XCBuildConfiguration;
			baseConfigurationReference = F40B26CB63A06AB6255AF603 /* Pods-KittyBreeds-KittyBreedsUITests.debug.xcconfig */;
			buildSettings = {
				ALWAYS_EMBED_SWIFT_STANDARD_LIBRARIES = YES;
				CODE_SIGN_STYLE = Automatic;
				CURRENT_PROJECT_VERSION = 1;
				DEVELOPMENT_TEAM = 8222RF834L;
				GENERATE_INFOPLIST_FILE = YES;
				MARKETING_VERSION = 1.0;
				PRODUCT_BUNDLE_IDENTIFIER = "pavel-yarovoi.KittyBreedsUITests";
				PRODUCT_NAME = "$(TARGET_NAME)";
				SWIFT_EMIT_LOC_STRINGS = NO;
				SWIFT_VERSION = 5.0;
				TARGETED_DEVICE_FAMILY = "1,2";
				TEST_TARGET_NAME = KittyBreeds;
			};
			name = Debug;
		};
		E58CA8FB28B52EF000F69A5D /* Release */ = {
			isa = XCBuildConfiguration;
			baseConfigurationReference = 0E4536343A1F673B47703459 /* Pods-KittyBreeds-KittyBreedsUITests.release.xcconfig */;
			buildSettings = {
				ALWAYS_EMBED_SWIFT_STANDARD_LIBRARIES = YES;
				CODE_SIGN_STYLE = Automatic;
				CURRENT_PROJECT_VERSION = 1;
				DEVELOPMENT_TEAM = 8222RF834L;
				GENERATE_INFOPLIST_FILE = YES;
				MARKETING_VERSION = 1.0;
				PRODUCT_BUNDLE_IDENTIFIER = "pavel-yarovoi.KittyBreedsUITests";
				PRODUCT_NAME = "$(TARGET_NAME)";
				SWIFT_EMIT_LOC_STRINGS = NO;
				SWIFT_VERSION = 5.0;
				TARGETED_DEVICE_FAMILY = "1,2";
				TEST_TARGET_NAME = KittyBreeds;
			};
			name = Release;
		};
/* End XCBuildConfiguration section */

/* Begin XCConfigurationList section */
		E58CA8C428B52EEE00F69A5D /* Build configuration list for PBXProject "KittyBreeds" */ = {
			isa = XCConfigurationList;
			buildConfigurations = (
				E58CA8F128B52EF000F69A5D /* Debug */,
				E58CA8F228B52EF000F69A5D /* Release */,
			);
			defaultConfigurationIsVisible = 0;
			defaultConfigurationName = Release;
		};
		E58CA8F328B52EF000F69A5D /* Build configuration list for PBXNativeTarget "KittyBreeds" */ = {
			isa = XCConfigurationList;
			buildConfigurations = (
				E58CA8F428B52EF000F69A5D /* Debug */,
				E58CA8F528B52EF000F69A5D /* Release */,
			);
			defaultConfigurationIsVisible = 0;
			defaultConfigurationName = Release;
		};
		E58CA8F628B52EF000F69A5D /* Build configuration list for PBXNativeTarget "KittyBreedsTests" */ = {
			isa = XCConfigurationList;
			buildConfigurations = (
				E58CA8F728B52EF000F69A5D /* Debug */,
				E58CA8F828B52EF000F69A5D /* Release */,
			);
			defaultConfigurationIsVisible = 0;
			defaultConfigurationName = Release;
		};
		E58CA8F928B52EF000F69A5D /* Build configuration list for PBXNativeTarget "KittyBreedsUITests" */ = {
			isa = XCConfigurationList;
			buildConfigurations = (
				E58CA8FA28B52EF000F69A5D /* Debug */,
				E58CA8FB28B52EF000F69A5D /* Release */,
			);
			defaultConfigurationIsVisible = 0;
			defaultConfigurationName = Release;
		};
/* End XCConfigurationList section */
	};
	rootObject = E58CA8C128B52EEE00F69A5D /* Project object */;
}
